
Microsoft Visual Studio Solution File, Format Version 12.00
# Visual Studio Version 16
VisualStudioVersion = 16.0.31702.278
MinimumVisualStudioVersion = 10.0.40219.1
Project("{FAE04EC0-301F-11D3-BF4B-00C04F79EFBC}") = "Lab13", "Lab13\Lab13.csproj", "{AC1E8DB8-CEA4-4961-B223-BD01CC1BF9D7}"
EndProject
Global
	GlobalSection(SolutionConfigurationPlatforms) = preSolution
		Debug|Any CPU = Debug|Any CPU
		Release|Any CPU = Release|Any CPU
	EndGlobalSection
	GlobalSection(ProjectConfigurationPlatforms) = postSolution
		{AC1E8DB8-CEA4-4961-B223-BD01CC1BF9D7}.Debug|Any CPU.ActiveCfg = Debug|Any CPU
		{AC1E8DB8-CEA4-4961-B223-BD01CC1BF9D7}.Debug|Any CPU.Build.0 = Debug|Any CPU
		{AC1E8DB8-CEA4-4961-B223-BD01CC1BF9D7}.Release|Any CPU.ActiveCfg = Release|Any CPU
		{AC1E8DB8-CEA4-4961-B223-BD01CC1BF9D7}.Release|Any CPU.Build.0 = Release|Any CPU
	EndGlobalSection
	GlobalSection(SolutionProperties) = preSolution
		HideSolutionNode = FALSE
	EndGlobalSection
	GlobalSection(ExtensibilityGlobals) = postSolution
		SolutionGuid = {6A88828D-558D-4DA8-BD07-4907DDF0AB5A}
	EndGlobalSection
EndGlobal
